// !$*UTF8*$!
{
	archiveVersion = 1;
	classes = {
	};
	objectVersion = 50;
	objects = {

/* Begin PBXBuildFile section */
		BCE3C6BE24784E06001EAE29 /* AppDelegate.m in Sources */ = {isa = PBXBuildFile; fileRef = BCE3C6BD24784E06001EAE29 /* AppDelegate.m */; };
		BCE3C6C124784E06001EAE29 /* SceneDelegate.m in Sources */ = {isa = PBXBuildFile; fileRef = BCE3C6C024784E06001EAE29 /* SceneDelegate.m */; };
		BCE3C6C424784E06001EAE29 /* ViewController.m in Sources */ = {isa = PBXBuildFile; fileRef = BCE3C6C324784E06001EAE29 /* ViewController.m */; };
		BCE3C6C724784E06001EAE29 /* Main.storyboard in Resources */ = {isa = PBXBuildFile; fileRef = BCE3C6C524784E06001EAE29 /* Main.storyboard */; };
		BCE3C6CA24784E06001EAE29 /* TemperatureConverter.xcdatamodeld in Sources */ = {isa = PBXBuildFile; fileRef = BCE3C6C824784E06001EAE29 /* TemperatureConverter.xcdatamodeld */; };
		BCE3C6CC24784E08001EAE29 /* Assets.xcassets in Resources */ = {isa = PBXBuildFile; fileRef = BCE3C6CB24784E08001EAE29 /* Assets.xcassets */; };
		BCE3C6CF24784E08001EAE29 /* LaunchScreen.storyboard in Resources */ = {isa = PBXBuildFile; fileRef = BCE3C6CD24784E08001EAE29 /* LaunchScreen.storyboard */; };
		BCE3C6D224784E08001EAE29 /* main.m in Sources */ = {isa = PBXBuildFile; fileRef = BCE3C6D124784E08001EAE29 /* main.m */; };
		BCE3C6DC24784E08001EAE29 /* TemperatureConverterTests.m in Sources */ = {isa = PBXBuildFile; fileRef = BCE3C6DB24784E08001EAE29 /* TemperatureConverterTests.m */; };
		BCE3C6E724784E08001EAE29 /* TemperatureConverterUITests.m in Sources */ = {isa = PBXBuildFile; fileRef = BCE3C6E624784E08001EAE29 /* TemperatureConverterUITests.m */; };
/* End PBXBuildFile section */

/* Begin PBXContainerItemProxy section */
		BCE3C6D824784E08001EAE29 /* PBXContainerItemProxy */ = {
			isa = PBXContainerItemProxy;
			containerPortal = BCE3C6B124784E06001EAE29 /* Project object */;
			proxyType = 1;
			remoteGlobalIDString = BCE3C6B824784E06001EAE29;
			remoteInfo = TemperatureConverter;
		};
		BCE3C6E324784E08001EAE29 /* PBXContainerItemProxy */ = {
			isa = PBXContainerItemProxy;
			containerPortal = BCE3C6B124784E06001EAE29 /* Project object */;
			proxyType = 1;
			remoteGlobalIDString = BCE3C6B824784E06001EAE29;
			remoteInfo = TemperatureConverter;
		};
/* End PBXContainerItemProxy section */

/* Begin PBXFileReference section */
		BCE3C6B924784E06001EAE29 /* TemperatureConverter.app */ = {isa = PBXFileReference; explicitFileType = wrapper.application; includeInIndex = 0; path = TemperatureConverter.app; sourceTree = BUILT_PRODUCTS_DIR; };
		BCE3C6BC24784E06001EAE29 /* AppDelegate.h */ = {isa = PBXFileReference; lastKnownFileType = sourcecode.c.h; path = AppDelegate.h; sourceTree = "<group>"; };
		BCE3C6BD24784E06001EAE29 /* AppDelegate.m */ = {isa = PBXFileReference; lastKnownFileType = sourcecode.c.objc; path = AppDelegate.m; sourceTree = "<group>"; };
		BCE3C6BF24784E06001EAE29 /* SceneDelegate.h */ = {isa = PBXFileReference; lastKnownFileType = sourcecode.c.h; path = SceneDelegate.h; sourceTree = "<group>"; };
		BCE3C6C024784E06001EAE29 /* SceneDelegate.m */ = {isa = PBXFileReference; lastKnownFileType = sourcecode.c.objc; path = SceneDelegate.m; sourceTree = "<group>"; };
		BCE3C6C224784E06001EAE29 /* ViewController.h */ = {isa = PBXFileReference; lastKnownFileType = sourcecode.c.h; path = ViewController.h; sourceTree = "<group>"; };
		BCE3C6C324784E06001EAE29 /* ViewController.m */ = {isa = PBXFileReference; lastKnownFileType = sourcecode.c.objc; path = ViewController.m; sourceTree = "<group>"; };
		BCE3C6C624784E06001EAE29 /* Base */ = {isa = PBXFileReference; lastKnownFileType = file.storyboard; name = Base; path = Base.lproj/Main.storyboard; sourceTree = "<group>"; };
		BCE3C6C924784E06001EAE29 /* TemperatureConverter.xcdatamodel */ = {isa = PBXFileReference; lastKnownFileType = wrapper.xcdatamodel; path = TemperatureConverter.xcdatamodel; sourceTree = "<group>"; };
		BCE3C6CB24784E08001EAE29 /* Assets.xcassets */ = {isa = PBXFileReference; lastKnownFileType = folder.assetcatalog; path = Assets.xcassets; sourceTree = "<group>"; };
		BCE3C6CE24784E08001EAE29 /* Base */ = {isa = PBXFileReference; lastKnownFileType = file.storyboard; name = Base; path = Base.lproj/LaunchScreen.storyboard; sourceTree = "<group>"; };
		BCE3C6D024784E08001EAE29 /* Info.plist */ = {isa = PBXFileReference; lastKnownFileType = text.plist.xml; path = Info.plist; sourceTree = "<group>"; };
		BCE3C6D124784E08001EAE29 /* main.m */ = {isa = PBXFileReference; lastKnownFileType = sourcecode.c.objc; path = main.m; sourceTree = "<group>"; };
		BCE3C6D724784E08001EAE29 /* TemperatureConverterTests.xctest */ = {isa = PBXFileReference; explicitFileType = wrapper.cfbundle; includeInIndex = 0; path = TemperatureConverterTests.xctest; sourceTree = BUILT_PRODUCTS_DIR; };
		BCE3C6DB24784E08001EAE29 /* TemperatureConverterTests.m */ = {isa = PBXFileReference; lastKnownFileType = sourcecode.c.objc; path = TemperatureConverterTests.m; sourceTree = "<group>"; };
		BCE3C6DD24784E08001EAE29 /* Info.plist */ = {isa = PBXFileReference; lastKnownFileType = text.plist.xml; path = Info.plist; sourceTree = "<group>"; };
		BCE3C6E224784E08001EAE29 /* TemperatureConverterUITests.xctest */ = {isa = PBXFileReference; explicitFileType = wrapper.cfbundle; includeInIndex = 0; path = TemperatureConverterUITests.xctest; sourceTree = BUILT_PRODUCTS_DIR; };
		BCE3C6E624784E08001EAE29 /* TemperatureConverterUITests.m */ = {isa = PBXFileReference; lastKnownFileType = sourcecode.c.objc; path = TemperatureConverterUITests.m; sourceTree = "<group>"; };
		BCE3C6E824784E08001EAE29 /* Info.plist */ = {isa = PBXFileReference; lastKnownFileType = text.plist.xml; path = Info.plist; sourceTree = "<group>"; };
/* End PBXFileReference section */

/* Begin PBXFrameworksBuildPhase section */
		BCE3C6B624784E06001EAE29 /* Frameworks */ = {
			isa = PBXFrameworksBuildPhase;
			buildActionMask = 2147483647;
			files = (
			);
			runOnlyForDeploymentPostprocessing = 0;
		};
		BCE3C6D424784E08001EAE29 /* Frameworks */ = {
			isa = PBXFrameworksBuildPhase;
			buildActionMask = 2147483647;
			files = (
			);
			runOnlyForDeploymentPostprocessing = 0;
		};
		BCE3C6DF24784E08001EAE29 /* Frameworks */ = {
			isa = PBXFrameworksBuildPhase;
			buildActionMask = 2147483647;
			files = (
			);
			runOnlyForDeploymentPostprocessing = 0;
		};
/* End PBXFrameworksBuildPhase section */

/* Begin PBXGroup section */
		BCE3C6B024784E06001EAE29 = {
			isa = PBXGroup;
			children = (
				BCE3C6BB24784E06001EAE29 /* TemperatureConverter */,
				BCE3C6DA24784E08001EAE29 /* TemperatureConverterTests */,
				BCE3C6E524784E08001EAE29 /* TemperatureConverterUITests */,
				BCE3C6BA24784E06001EAE29 /* Products */,
			);
			sourceTree = "<group>";
		};
		BCE3C6BA24784E06001EAE29 /* Products */ = {
			isa = PBXGroup;
			children = (
				BCE3C6B924784E06001EAE29 /* TemperatureConverter.app */,
				BCE3C6D724784E08001EAE29 /* TemperatureConverterTests.xctest */,
				BCE3C6E224784E08001EAE29 /* TemperatureConverterUITests.xctest */,
			);
			name = Products;
			sourceTree = "<group>";
		};
		BCE3C6BB24784E06001EAE29 /* TemperatureConverter */ = {
			isa = PBXGroup;
			children = (
				BCE3C6BC24784E06001EAE29 /* AppDelegate.h */,
				BCE3C6BD24784E06001EAE29 /* AppDelegate.m */,
				BCE3C6BF24784E06001EAE29 /* SceneDelegate.h */,
				BCE3C6C024784E06001EAE29 /* SceneDelegate.m */,
				BCE3C6C224784E06001EAE29 /* ViewController.h */,
				BCE3C6C324784E06001EAE29 /* ViewController.m */,
				BCE3C6C524784E06001EAE29 /* Main.storyboard */,
				BCE3C6CB24784E08001EAE29 /* Assets.xcassets */,
				BCE3C6CD24784E08001EAE29 /* LaunchScreen.storyboard */,
				BCE3C6D024784E08001EAE29 /* Info.plist */,
				BCE3C6D124784E08001EAE29 /* main.m */,
				BCE3C6C824784E06001EAE29 /* TemperatureConverter.xcdatamodeld */,
			);
			path = TemperatureConverter;
			sourceTree = "<group>";
		};
		BCE3C6DA24784E08001EAE29 /* TemperatureConverterTests */ = {
			isa = PBXGroup;
			children = (
				BCE3C6DB24784E08001EAE29 /* TemperatureConverterTests.m */,
				BCE3C6DD24784E08001EAE29 /* Info.plist */,
			);
			path = TemperatureConverterTests;
			sourceTree = "<group>";
		};
		BCE3C6E524784E08001EAE29 /* TemperatureConverterUITests */ = {
			isa = PBXGroup;
			children = (
				BCE3C6E624784E08001EAE29 /* TemperatureConverterUITests.m */,
				BCE3C6E824784E08001EAE29 /* Info.plist */,
			);
			path = TemperatureConverterUITests;
			sourceTree = "<group>";
		};
/* End PBXGroup section */

/* Begin PBXNativeTarget section */
		BCE3C6B824784E06001EAE29 /* TemperatureConverter */ = {
			isa = PBXNativeTarget;
			buildConfigurationList = BCE3C6EB24784E08001EAE29 /* Build configuration list for PBXNativeTarget "TemperatureConverter" */;
			buildPhases = (
				BCE3C6B524784E06001EAE29 /* Sources */,
				BCE3C6B624784E06001EAE29 /* Frameworks */,
				BCE3C6B724784E06001EAE29 /* Resources */,
			);
			buildRules = (
			);
			dependencies = (
			);
			name = TemperatureConverter;
			productName = TemperatureConverter;
			productReference = BCE3C6B924784E06001EAE29 /* TemperatureConverter.app */;
			productType = "com.apple.product-type.application";
		};
		BCE3C6D624784E08001EAE29 /* TemperatureConverterTests */ = {
			isa = PBXNativeTarget;
			buildConfigurationList = BCE3C6EE24784E08001EAE29 /* Build configuration list for PBXNativeTarget "TemperatureConverterTests" */;
			buildPhases = (
				BCE3C6D324784E08001EAE29 /* Sources */,
				BCE3C6D424784E08001EAE29 /* Frameworks */,
				BCE3C6D524784E08001EAE29 /* Resources */,
			);
			buildRules = (
			);
			dependencies = (
				BCE3C6D924784E08001EAE29 /* PBXTargetDependency */,
			);
			name = TemperatureConverterTests;
			productName = TemperatureConverterTests;
			productReference = BCE3C6D724784E08001EAE29 /* TemperatureConverterTests.xctest */;
			productType = "com.apple.product-type.bundle.unit-test";
		};
		BCE3C6E124784E08001EAE29 /* TemperatureConverterUITests */ = {
			isa = PBXNativeTarget;
			buildConfigurationList = BCE3C6F124784E08001EAE29 /* Build configuration list for PBXNativeTarget "TemperatureConverterUITests" */;
			buildPhases = (
				BCE3C6DE24784E08001EAE29 /* Sources */,
				BCE3C6DF24784E08001EAE29 /* Frameworks */,
				BCE3C6E024784E08001EAE29 /* Resources */,
			);
			buildRules = (
			);
			dependencies = (
				BCE3C6E424784E08001EAE29 /* PBXTargetDependency */,
			);
			name = TemperatureConverterUITests;
			productName = TemperatureConverterUITests;
			productReference = BCE3C6E224784E08001EAE29 /* TemperatureConverterUITests.xctest */;
			productType = "com.apple.product-type.bundle.ui-testing";
		};
/* End PBXNativeTarget section */

/* Begin PBXProject section */
		BCE3C6B124784E06001EAE29 /* Project object */ = {
			isa = PBXProject;
			attributes = {
				LastUpgradeCheck = 1150;
				ORGANIZATIONNAME = "Vladan Randjelovic";
				TargetAttributes = {
					BCE3C6B824784E06001EAE29 = {
						CreatedOnToolsVersion = 11.5;
					};
					BCE3C6D624784E08001EAE29 = {
						CreatedOnToolsVersion = 11.5;
						TestTargetID = BCE3C6B824784E06001EAE29;
					};
					BCE3C6E124784E08001EAE29 = {
						CreatedOnToolsVersion = 11.5;
						TestTargetID = BCE3C6B824784E06001EAE29;
					};
				};
			};
			buildConfigurationList = BCE3C6B424784E06001EAE29 /* Build configuration list for PBXProject "TemperatureConverter" */;
			compatibilityVersion = "Xcode 9.3";
			developmentRegion = en;
			hasScannedForEncodings = 0;
			knownRegions = (
				en,
				Base,
			);
			mainGroup = BCE3C6B024784E06001EAE29;
			productRefGroup = BCE3C6BA24784E06001EAE29 /* Products */;
			projectDirPath = "";
			projectRoot = "";
			targets = (
				BCE3C6B824784E06001EAE29 /* TemperatureConverter */,
				BCE3C6D624784E08001EAE29 /* TemperatureConverterTests */,
				BCE3C6E124784E08001EAE29 /* TemperatureConverterUITests */,
			);
		};
/* End PBXProject section */

/* Begin PBXResourcesBuildPhase section */
		BCE3C6B724784E06001EAE29 /* Resources */ = {
			isa = PBXResourcesBuildPhase;
			buildActionMask = 2147483647;
			files = (
				BCE3C6CF24784E08001EAE29 /* LaunchScreen.storyboard in Resources */,
				BCE3C6CC24784E08001EAE29 /* Assets.xcassets in Resources */,
				BCE3C6C724784E06001EAE29 /* Main.storyboard in Resources */,
			);
			runOnlyForDeploymentPostprocessing = 0;
		};
		BCE3C6D524784E08001EAE29 /* Resources */ = {
			isa = PBXResourcesBuildPhase;
			buildActionMask = 2147483647;
			files = (
			);
			runOnlyForDeploymentPostprocessing = 0;
		};
		BCE3C6E024784E08001EAE29 /* Resources */ = {
			isa = PBXResourcesBuildPhase;
			buildActionMask = 2147483647;
			files = (
			);
			runOnlyForDeploymentPostprocessing = 0;
		};
/* End PBXResourcesBuildPhase section */

/* Begin PBXSourcesBuildPhase section */
		BCE3C6B524784E06001EAE29 /* Sources */ = {
			isa = PBXSourcesBuildPhase;
			buildActionMask = 2147483647;
			files = (
				BCE3C6D224784E08001EAE29 /* main.m in Sources */,
				BCE3C6C424784E06001EAE29 /* ViewController.m in Sources */,
				BCE3C6CA24784E06001EAE29 /* TemperatureConverter.xcdatamodeld in Sources */,
				BCE3C6BE24784E06001EAE29 /* AppDelegate.m in Sources */,
				BCE3C6C124784E06001EAE29 /* SceneDelegate.m in Sources */,
			);
			runOnlyForDeploymentPostprocessing = 0;
		};
		BCE3C6D324784E08001EAE29 /* Sources */ = {
			isa = PBXSourcesBuildPhase;
			buildActionMask = 2147483647;
			files = (
				BCE3C6DC24784E08001EAE29 /* TemperatureConverterTests.m in Sources */,
			);
			runOnlyForDeploymentPostprocessing = 0;
		};
		BCE3C6DE24784E08001EAE29 /* Sources */ = {
			isa = PBXSourcesBuildPhase;
			buildActionMask = 2147483647;
			files = (
				BCE3C6E724784E08001EAE29 /* TemperatureConverterUITests.m in Sources */,
			);
			runOnlyForDeploymentPostprocessing = 0;
		};
/* End PBXSourcesBuildPhase section */

/* Begin PBXTargetDependency section */
		BCE3C6D924784E08001EAE29 /* PBXTargetDependency */ = {
			isa = PBXTargetDependency;
			target = BCE3C6B824784E06001EAE29 /* TemperatureConverter */;
			targetProxy = BCE3C6D824784E08001EAE29 /* PBXContainerItemProxy */;
		};
		BCE3C6E424784E08001EAE29 /* PBXTargetDependency */ = {
			isa = PBXTargetDependency;
			target = BCE3C6B824784E06001EAE29 /* TemperatureConverter */;
			targetProxy = BCE3C6E324784E08001EAE29 /* PBXContainerItemProxy */;
		};
/* End PBXTargetDependency section */

/* Begin PBXVariantGroup section */
		BCE3C6C524784E06001EAE29 /* Main.storyboard */ = {
			isa = PBXVariantGroup;
			children = (
				BCE3C6C624784E06001EAE29 /* Base */,
			);
			name = Main.storyboard;
			sourceTree = "<group>";
		};
		BCE3C6CD24784E08001EAE29 /* LaunchScreen.storyboard */ = {
			isa = PBXVariantGroup;
			children = (
				BCE3C6CE24784E08001EAE29 /* Base */,
			);
			name = LaunchScreen.storyboard;
			sourceTree = "<group>";
		};
/* End PBXVariantGroup section */

/* Begin XCBuildConfiguration section */
		BCE3C6E924784E08001EAE29 /* Debug */ = {
			isa = XCBuildConfiguration;
			buildSettings = {
				ALWAYS_SEARCH_USER_PATHS = NO;
				CLANG_ANALYZER_NONNULL = YES;
				CLANG_ANALYZER_NUMBER_OBJECT_CONVERSION = YES_AGGRESSIVE;
				CLANG_CXX_LANGUAGE_STANDARD = "gnu++14";
				CLANG_CXX_LIBRARY = "libc++";
				CLANG_ENABLE_MODULES = YES;
				CLANG_ENABLE_OBJC_ARC = YES;
				CLANG_ENABLE_OBJC_WEAK = YES;
				CLANG_WARN_BLOCK_CAPTURE_AUTORELEASING = YES;
				CLANG_WARN_BOOL_CONVERSION = YES;
				CLANG_WARN_COMMA = YES;
				CLANG_WARN_CONSTANT_CONVERSION = YES;
				CLANG_WARN_DEPRECATED_OBJC_IMPLEMENTATIONS = YES;
				CLANG_WARN_DIRECT_OBJC_ISA_USAGE = YES_ERROR;
				CLANG_WARN_DOCUMENTATION_COMMENTS = YES;
				CLANG_WARN_EMPTY_BODY = YES;
				CLANG_WARN_ENUM_CONVERSION = YES;
				CLANG_WARN_INFINITE_RECURSION = YES;
				CLANG_WARN_INT_CONVERSION = YES;
				CLANG_WARN_NON_LITERAL_NULL_CONVERSION = YES;
				CLANG_WARN_OBJC_IMPLICIT_RETAIN_SELF = YES;
				CLANG_WARN_OBJC_LITERAL_CONVERSION = YES;
				CLANG_WARN_OBJC_ROOT_CLASS = YES_ERROR;
				CLANG_WARN_RANGE_LOOP_ANALYSIS = YES;
				CLANG_WARN_STRICT_PROTOTYPES = YES;
				CLANG_WARN_SUSPICIOUS_MOVE = YES;
				CLANG_WARN_UNGUARDED_AVAILABILITY = YES_AGGRESSIVE;
				CLANG_WARN_UNREACHABLE_CODE = YES;
				CLANG_WARN__DUPLICATE_METHOD_MATCH = YES;
				COPY_PHASE_STRIP = NO;
				DEBUG_INFORMATION_FORMAT = dwarf;
				ENABLE_STRICT_OBJC_MSGSEND = YES;
				ENABLE_TESTABILITY = YES;
				GCC_C_LANGUAGE_STANDARD = gnu11;
				GCC_DYNAMIC_NO_PIC = NO;
				GCC_NO_COMMON_BLOCKS = YES;
				GCC_OPTIMIZATION_LEVEL = 0;
				GCC_PREPROCESSOR_DEFINITIONS = (
					"DEBUG=1",
					"$(inherited)",
				);
				GCC_WARN_64_TO_32_BIT_CONVERSION = YES;
				GCC_WARN_ABOUT_RETURN_TYPE = YES_ERROR;
				GCC_WARN_UNDECLARED_SELECTOR = YES;
				GCC_WARN_UNINITIALIZED_AUTOS = YES_AGGRESSIVE;
				GCC_WARN_UNUSED_FUNCTION = YES;
				GCC_WARN_UNUSED_VARIABLE = YES;
				IPHONEOS_DEPLOYMENT_TARGET = 13.5;
				MTL_ENABLE_DEBUG_INFO = INCLUDE_SOURCE;
				MTL_FAST_MATH = YES;
				ONLY_ACTIVE_ARCH = YES;
				SDKROOT = iphoneos;
			};
			name = Debug;
		};
		BCE3C6EA24784E08001EAE29 /* Release */ = {
			isa = XCBuildConfiguration;
			buildSettings = {
				ALWAYS_SEARCH_USER_PATHS = NO;
				CLANG_ANALYZER_NONNULL = YES;
				CLANG_ANALYZER_NUMBER_OBJECT_CONVERSION = YES_AGGRESSIVE;
				CLANG_CXX_LANGUAGE_STANDARD = "gnu++14";
				CLANG_CXX_LIBRARY = "libc++";
				CLANG_ENABLE_MODULES = YES;
				CLANG_ENABLE_OBJC_ARC = YES;
				CLANG_ENABLE_OBJC_WEAK = YES;
				CLANG_WARN_BLOCK_CAPTURE_AUTORELEASING = YES;
				CLANG_WARN_BOOL_CONVERSION = YES;
				CLANG_WARN_COMMA = YES;
				CLANG_WARN_CONSTANT_CONVERSION = YES;
				CLANG_WARN_DEPRECATED_OBJC_IMPLEMENTATIONS = YES;
				CLANG_WARN_DIRECT_OBJC_ISA_USAGE = YES_ERROR;
				CLANG_WARN_DOCUMENTATION_COMMENTS = YES;
				CLANG_WARN_EMPTY_BODY = YES;
				CLANG_WARN_ENUM_CONVERSION = YES;
				CLANG_WARN_INFINITE_RECURSION = YES;
				CLANG_WARN_INT_CONVERSION = YES;
				CLANG_WARN_NON_LITERAL_NULL_CONVERSION = YES;
				CLANG_WARN_OBJC_IMPLICIT_RETAIN_SELF = YES;
				CLANG_WARN_OBJC_LITERAL_CONVERSION = YES;
				CLANG_WARN_OBJC_ROOT_CLASS = YES_ERROR;
				CLANG_WARN_RANGE_LOOP_ANALYSIS = YES;
				CLANG_WARN_STRICT_PROTOTYPES = YES;
				CLANG_WARN_SUSPICIOUS_MOVE = YES;
				CLANG_WARN_UNGUARDED_AVAILABILITY = YES_AGGRESSIVE;
				CLANG_WARN_UNREACHABLE_CODE = YES;
				CLANG_WARN__DUPLICATE_METHOD_MATCH = YES;
				COPY_PHASE_STRIP = NO;
				DEBUG_INFORMATION_FORMAT = "dwarf-with-dsym";
				ENABLE_NS_ASSERTIONS = NO;
				ENABLE_STRICT_OBJC_MSGSEND = YES;
				GCC_C_LANGUAGE_STANDARD = gnu11;
				GCC_NO_COMMON_BLOCKS = YES;
				GCC_WARN_64_TO_32_BIT_CONVERSION = YES;
				GCC_WARN_ABOUT_RETURN_TYPE = YES_ERROR;
				GCC_WARN_UNDECLARED_SELECTOR = YES;
				GCC_WARN_UNINITIALIZED_AUTOS = YES_AGGRESSIVE;
				GCC_WARN_UNUSED_FUNCTION = YES;
				GCC_WARN_UNUSED_VARIABLE = YES;
				IPHONEOS_DEPLOYMENT_TARGET = 13.5;
				MTL_ENABLE_DEBUG_INFO = NO;
				MTL_FAST_MATH = YES;
				SDKROOT = iphoneos;
				VALIDATE_PRODUCT = YES;
			};
			name = Release;
		};
		BCE3C6EC24784E08001EAE29 /* Debug */ = {
			isa = XCBuildConfiguration;
			buildSettings = {
				ASSETCATALOG_COMPILER_APPICON_NAME = AppIcon;
				CODE_SIGN_STYLE = Automatic;
				DEVELOPMENT_TEAM = 9NC9458SLG;
				INFOPLIST_FILE = TemperatureConverter/Info.plist;
				LD_RUNPATH_SEARCH_PATHS = (
					"$(inherited)",
					"@executable_path/Frameworks",
				);
				PRODUCT_BUNDLE_IDENTIFIER = com.vladan.TemperatureConverter;
				PRODUCT_NAME = "$(TARGET_NAME)";
				TARGETED_DEVICE_FAMILY = "1,2";
			};
			name = Debug;
		};
		BCE3C6ED24784E08001EAE29 /* Release */ = {
			isa = XCBuildConfiguration;
			buildSettings = {
				ASSETCATALOG_COMPILER_APPICON_NAME = AppIcon;
				CODE_SIGN_STYLE = Automatic;
				DEVELOPMENT_TEAM = 9NC9458SLG;
				INFOPLIST_FILE = TemperatureConverter/Info.plist;
				LD_RUNPATH_SEARCH_PATHS = (
					"$(inherited)",
					"@executable_path/Frameworks",
				);
				PRODUCT_BUNDLE_IDENTIFIER = com.vladan.TemperatureConverter;
				PRODUCT_NAME = "$(TARGET_NAME)";
				TARGETED_DEVICE_FAMILY = "1,2";
			};
			name = Release;
		};
		BCE3C6EF24784E08001EAE29 /* Debug */ = {
			isa = XCBuildConfiguration;
			buildSettings = {
				BUNDLE_LOADER = "$(TEST_HOST)";
				CODE_SIGN_STYLE = Automatic;
				DEVELOPMENT_TEAM = 9NC9458SLG;
				INFOPLIST_FILE = TemperatureConverterTests/Info.plist;
				IPHONEOS_DEPLOYMENT_TARGET = 13.5;
				LD_RUNPATH_SEARCH_PATHS = (
					"$(inherited)",
					"@executable_path/Frameworks",
					"@loader_path/Frameworks",
				);
				PRODUCT_BUNDLE_IDENTIFIER = com.vladan.TemperatureConverterTests;
				PRODUCT_NAME = "$(TARGET_NAME)";
				TARGETED_DEVICE_FAMILY = "1,2";
				TEST_HOST = "$(BUILT_PRODUCTS_DIR)/TemperatureConverter.app/TemperatureConverter";
			};
			name = Debug;
		};
		BCE3C6F024784E08001EAE29 /* Release */ = {
			isa = XCBuildConfiguration;
			buildSettings = {
				BUNDLE_LOADER = "$(TEST_HOST)";
				CODE_SIGN_STYLE = Automatic;
				DEVELOPMENT_TEAM = 9NC9458SLG;
				INFOPLIST_FILE = TemperatureConverterTests/Info.plist;
				IPHONEOS_DEPLOYMENT_TARGET = 13.5;
				LD_RUNPATH_SEARCH_PATHS = (
					"$(inherited)",
					"@executable_path/Frameworks",
					"@loader_path/Frameworks",
				);
				PRODUCT_BUNDLE_IDENTIFIER = com.vladan.TemperatureConverterTests;
				PRODUCT_NAME = "$(TARGET_NAME)";
				TARGETED_DEVICE_FAMILY = "1,2";
				TEST_HOST = "$(BUILT_PRODUCTS_DIR)/TemperatureConverter.app/TemperatureConverter";
			};
			name = Release;
		};
		BCE3C6F224784E08001EAE29 /* Debug */ = {
			isa = XCBuildConfiguration;
			buildSettings = {
				CODE_SIGN_STYLE = Automatic;
				DEVELOPMENT_TEAM = 9NC9458SLG;
				INFOPLIST_FILE = TemperatureConverterUITests/Info.plist;
				LD_RUNPATH_SEARCH_PATHS = (
					"$(inherited)",
					"@executable_path/Frameworks",
					"@loader_path/Frameworks",
				);
				PRODUCT_BUNDLE_IDENTIFIER = com.vladan.TemperatureConverterUITests;
				PRODUCT_NAME = "$(TARGET_NAME)";
				TARGETED_DEVICE_FAMILY = "1,2";
				TEST_TARGET_NAME = TemperatureConverter;
			};
			name = Debug;
		};
		BCE3C6F324784E08001EAE29 /* Release */ = {
			isa = XCBuildConfiguration;
			buildSettings = {
				CODE_SIGN_STYLE = Automatic;
				DEVELOPMENT_TEAM = 9NC9458SLG;
				INFOPLIST_FILE = TemperatureConverterUITests/Info.plist;
				LD_RUNPATH_SEARCH_PATHS = (
					"$(inherited)",
					"@executable_path/Frameworks",
					"@loader_path/Frameworks",
				);
				PRODUCT_BUNDLE_IDENTIFIER = com.vladan.TemperatureConverterUITests;
				PRODUCT_NAME = "$(TARGET_NAME)";
				TARGETED_DEVICE_FAMILY = "1,2";
				TEST_TARGET_NAME = TemperatureConverter;
			};
			name = Release;
		};
/* End XCBuildConfiguration section */

/* Begin XCConfigurationList section */
		BCE3C6B424784E06001EAE29 /* Build configuration list for PBXProject "TemperatureConverter" */ = {
			isa = XCConfigurationList;
			buildConfigurations = (
				BCE3C6E924784E08001EAE29 /* Debug */,
				BCE3C6EA24784E08001EAE29 /* Release */,
			);
			defaultConfigurationIsVisible = 0;
			defaultConfigurationName = Release;
		};
		BCE3C6EB24784E08001EAE29 /* Build configuration list for PBXNativeTarget "TemperatureConverter" */ = {
			isa = XCConfigurationList;
			buildConfigurations = (
				BCE3C6EC24784E08001EAE29 /* Debug */,
				BCE3C6ED24784E08001EAE29 /* Release */,
			);
			defaultConfigurationIsVisible = 0;
			defaultConfigurationName = Release;
		};
		BCE3C6EE24784E08001EAE29 /* Build configuration list for PBXNativeTarget "TemperatureConverterTests" */ = {
			isa = XCConfigurationList;
			buildConfigurations = (
				BCE3C6EF24784E08001EAE29 /* Debug */,
				BCE3C6F024784E08001EAE29 /* Release */,
			);
			defaultConfigurationIsVisible = 0;
			defaultConfigurationName = Release;
		};
		BCE3C6F124784E08001EAE29 /* Build configuration list for PBXNativeTarget "TemperatureConverterUITests" */ = {
			isa = XCConfigurationList;
			buildConfigurations = (
				BCE3C6F224784E08001EAE29 /* Debug */,
				BCE3C6F324784E08001EAE29 /* Release */,
			);
			defaultConfigurationIsVisible = 0;
			defaultConfigurationName = Release;
		};
/* End XCConfigurationList section */

/* Begin XCVersionGroup section */
		BCE3C6C824784E06001EAE29 /* TemperatureConverter.xcdatamodeld */ = {
			isa = XCVersionGroup;
			children = (
				BCE3C6C924784E06001EAE29 /* TemperatureConverter.xcdatamodel */,
			);
			currentVersion = BCE3C6C924784E06001EAE29 /* TemperatureConverter.xcdatamodel */;
			path = TemperatureConverter.xcdatamodeld;
			sourceTree = "<group>";
			versionGroupType = wrapper.xcdatamodel;
		};
/* End XCVersionGroup section */
	};
	rootObject = BCE3C6B124784E06001EAE29 /* Project object */;
}
